{
  "name": "task-manager-frontend",
  "version": "1.0.0",
  "lockfileVersion": 3,
  "requires": true,
  "packages": {
    "": {
      "name": "task-manager-frontend",
      "version": "1.0.0",
      "private": true,
      "dependencies": {
        "react": "^18.2.0",
        "react-dom": "^18.2.0",
        "react-scripts": "5.0.1",
        "axios": "^1.4.0"
      }
    },
    "node_modules/react": {
      "version": "18.2.0"
    },
    "node_modules/react-dom": {
      "version": "18.2.0"
    },
    "node_modules/react-scripts": {
      "version": "5.0.1"
    },
    "node_modules/axios": {
      "version": "1.4.0"
    }
  }
}
